
Microsoft Visual Studio Solution File, Format Version 12.00
# Visual Studio Version 16
VisualStudioVersion = 16.0.31321.278
MinimumVisualStudioVersion = 10.0.40219.1
Project("{FAE04EC0-301F-11D3-BF4B-00C04F79EFBC}") = "linqemployee", "linqemployee\linqemployee.csproj", "{1D34699F-1FA1-4131-8FB4-0A4F0BE1DD22}"
EndProject
Global
	GlobalSection(SolutionConfigurationPlatforms) = preSolution
		Debug|Any CPU = Debug|Any CPU
		Release|Any CPU = Release|Any CPU
	EndGlobalSection
	GlobalSection(ProjectConfigurationPlatforms) = postSolution
		{1D34699F-1FA1-4131-8FB4-0A4F0BE1DD22}.Debug|Any CPU.ActiveCfg = Debug|Any CPU
		{1D34699F-1FA1-4131-8FB4-0A4F0BE1DD22}.Debug|Any CPU.Build.0 = Debug|Any CPU
		{1D34699F-1FA1-4131-8FB4-0A4F0BE1DD22}.Release|Any CPU.ActiveCfg = Release|Any CPU
		{1D34699F-1FA1-4131-8FB4-0A4F0BE1DD22}.Release|Any CPU.Build.0 = Release|Any CPU
	EndGlobalSection
	GlobalSection(SolutionProperties) = preSolution
		HideSolutionNode = FALSE
	EndGlobalSection
	GlobalSection(ExtensibilityGlobals) = postSolution
		SolutionGuid = {A692110D-D60F-431A-9D3C-1553C83B13F9}
	EndGlobalSection
EndGlobal
